// !$*UTF8*$!
{
	archiveVersion = 1;
	classes = {
	};
	objectVersion = 46;
	objects = {

/* Begin PBXBuildFile section */
		A85BE30B1FB71C7300107AA4 /* AppDelegate.swift in Sources */ = {isa = PBXBuildFile; fileRef = A85BE30A1FB71C7300107AA4 /* AppDelegate.swift */; };
		A85BE30D1FB71C7300107AA4 /* ViewController.swift in Sources */ = {isa = PBXBuildFile; fileRef = A85BE30C1FB71C7300107AA4 /* ViewController.swift */; };
		A85BE3101FB71C7300107AA4 /* Main.storyboard in Resources */ = {isa = PBXBuildFile; fileRef = A85BE30E1FB71C7300107AA4 /* Main.storyboard */; };
		A85BE3121FB71C7300107AA4 /* Assets.xcassets in Resources */ = {isa = PBXBuildFile; fileRef = A85BE3111FB71C7300107AA4 /* Assets.xcassets */; };
		A85BE3151FB71C7300107AA4 /* LaunchScreen.storyboard in Resources */ = {isa = PBXBuildFile; fileRef = A85BE3131FB71C7300107AA4 /* LaunchScreen.storyboard */; };
/* End PBXBuildFile section */

/* Begin PBXFileReference section */
		A85BE3071FB71C7300107AA4 /* Douyu.app */ = {isa = PBXFileReference; explicitFileType = wrapper.application; includeInIndex = 0; path = Douyu.app; sourceTree = BUILT_PRODUCTS_DIR; };
		A85BE30A1FB71C7300107AA4 /* AppDelegate.swift */ = {isa = PBXFileReference; lastKnownFileType = sourcecode.swift; path = AppDelegate.swift; sourceTree = "<group>"; };
		A85BE30C1FB71C7300107AA4 /* ViewController.swift */ = {isa = PBXFileReference; lastKnownFileType = sourcecode.swift; path = ViewController.swift; sourceTree = "<group>"; };
		A85BE30F1FB71C7300107AA4 /* Base */ = {isa = PBXFileReference; lastKnownFileType = file.storyboard; name = Base; path = Base.lproj/Main.storyboard; sourceTree = "<group>"; };
		A85BE3111FB71C7300107AA4 /* Assets.xcassets */ = {isa = PBXFileReference; lastKnownFileType = folder.assetcatalog; path = Assets.xcassets; sourceTree = "<group>"; };
		A85BE3141FB71C7300107AA4 /* Base */ = {isa = PBXFileReference; lastKnownFileType = file.storyboard; name = Base; path = Base.lproj/LaunchScreen.storyboard; sourceTree = "<group>"; };
		A85BE3161FB71C7300107AA4 /* Info.plist */ = {isa = PBXFileReference; lastKnownFileType = text.plist.xml; path = Info.plist; sourceTree = "<group>"; };
/* End PBXFileReference section */

/* Begin PBXFrameworksBuildPhase section */
		A85BE3041FB71C7300107AA4 /* Frameworks */ = {
			isa = PBXFrameworksBuildPhase;
			buildActionMask = 2147483647;
			files = (
			);
			runOnlyForDeploymentPostprocessing = 0;
		};
/* End PBXFrameworksBuildPhase section */

/* Begin PBXGroup section */
		A85BE2FE1FB71C7300107AA4 = {
			isa = PBXGroup;
			children = (
				A85BE3091FB71C7300107AA4 /* Douyu */,
				A85BE3081FB71C7300107AA4 /* Products */,
			);
			sourceTree = "<group>";
		};
		A85BE3081FB71C7300107AA4 /* Products */ = {
			isa = PBXGroup;
			children = (
				A85BE3071FB71C7300107AA4 /* Douyu.app */,
			);
			name = Products;
			sourceTree = "<group>";
		};
		A85BE3091FB71C7300107AA4 /* Douyu */ = {
			isa = PBXGroup;
			children = (
				A85BE30A1FB71C7300107AA4 /* AppDelegate.swift */,
				A85BE30C1FB71C7300107AA4 /* ViewController.swift */,
				A85BE30E1FB71C7300107AA4 /* Main.storyboard */,
				A85BE3111FB71C7300107AA4 /* Assets.xcassets */,
				A85BE3131FB71C7300107AA4 /* LaunchScreen.storyboard */,
				A85BE3161FB71C7300107AA4 /* Info.plist */,
			);
			path = Douyu;
			sourceTree = "<group>";
		};
/* End PBXGroup section */

/* Begin PBXNativeTarget section */
		A85BE3061FB71C7300107AA4 /* Douyu */ = {
			isa = PBXNativeTarget;
			buildConfigurationList = A85BE3191FB71C7300107AA4 /* Build configuration list for PBXNativeTarget "Douyu" */;
			buildPhases = (
				A85BE3031FB71C7300107AA4 /* Sources */,
				A85BE3041FB71C7300107AA4 /* Frameworks */,
				A85BE3051FB71C7300107AA4 /* Resources */,
			);
			buildRules = (
			);
			dependencies = (
			);
			name = Douyu;
			productName = Douyu;
			productReference = A85BE3071FB71C7300107AA4 /* Douyu.app */;
			productType = "com.apple.product-type.application";
		};
/* End PBXNativeTarget section */

/* Begin PBXProject section */
		A85BE2FF1FB71C7300107AA4 /* Project object */ = {
			isa = PBXProject;
			attributes = {
				LastSwiftUpdateCheck = 0830;
				LastUpgradeCheck = 0830;
				ORGANIZATIONNAME = xiangliyou;
				TargetAttributes = {
					A85BE3061FB71C7300107AA4 = {
						CreatedOnToolsVersion = 8.3.3;
						ProvisioningStyle = Automatic;
					};
				};
			};
			buildConfigurationList = A85BE3021FB71C7300107AA4 /* Build configuration list for PBXProject "Douyu" */;
			compatibilityVersion = "Xcode 3.2";
			developmentRegion = English;
			hasScannedForEncodings = 0;
			knownRegions = (
				en,
				Base,
			);
			mainGroup = A85BE2FE1FB71C7300107AA4;
			productRefGroup = A85BE3081FB71C7300107AA4 /* Products */;
			projectDirPath = "";
			projectRoot = "";
			targets = (
				A85BE3061FB71C7300107AA4 /* Douyu */,
			);
		};
/* End PBXProject section */

/* Begin PBXResourcesBuildPhase section */
		A85BE3051FB71C7300107AA4 /* Resources */ = {
			isa = PBXResourcesBuildPhase;
			buildActionMask = 2147483647;
			files = (
				A85BE3151FB71C7300107AA4 /* LaunchScreen.storyboard in Resources */,
				A85BE3121FB71C7300107AA4 /* Assets.xcassets in Resources */,
				A85BE3101FB71C7300107AA4 /* Main.storyboard in Resources */,
			);
			runOnlyForDeploymentPostprocessing = 0;
		};
/* End PBXResourcesBuildPhase section */

/* Begin PBXSourcesBuildPhase section */
		A85BE3031FB71C7300107AA4 /* Sources */ = {
			isa = PBXSourcesBuildPhase;
			buildActionMask = 2147483647;
			files = (
				A85BE30D1FB71C7300107AA4 /* ViewController.swift in Sources */,
				A85BE30B1FB71C7300107AA4 /* AppDelegate.swift in Sources */,
			);
			runOnlyForDeploymentPostprocessing = 0;
		};
/* End PBXSourcesBuildPhase section */

/* Begin PBXVariantGroup section */
		A85BE30E1FB71C7300107AA4 /* Main.storyboard */ = {
			isa = PBXVariantGroup;
			children = (
				A85BE30F1FB71C7300107AA4 /* Base */,
			);
			name = Main.storyboard;
			sourceTree = "<group>";
		};
		A85BE3131FB71C7300107AA4 /* LaunchScreen.storyboard */ = {
			isa = PBXVariantGroup;
			children = (
				A85BE3141FB71C7300107AA4 /* Base */,
			);
			name = LaunchScreen.storyboard;
			sourceTree = "<group>";
		};
/* End PBXVariantGroup section */

/* Begin XCBuildConfiguration section */
		A85BE3171FB71C7300107AA4 /* Debug */ = {
			isa = XCBuildConfiguration;
			buildSettings = {
				ALWAYS_SEARCH_USER_PATHS = NO;
				CLANG_ANALYZER_NONNULL = YES;
				CLANG_ANALYZER_NUMBER_OBJECT_CONVERSION = YES_AGGRESSIVE;
				CLANG_CXX_LANGUAGE_STANDARD = "gnu++0x";
				CLANG_CXX_LIBRARY = "libc++";
				CLANG_ENABLE_MODULES = YES;
				CLANG_ENABLE_OBJC_ARC = YES;
				CLANG_WARN_BOOL_CONVERSION = YES;
				CLANG_WARN_CONSTANT_CONVERSION = YES;
				CLANG_WARN_DIRECT_OBJC_ISA_USAGE = YES_ERROR;
				CLANG_WARN_DOCUMENTATION_COMMENTS = YES;
				CLANG_WARN_EMPTY_BODY = YES;
				CLANG_WARN_ENUM_CONVERSION = YES;
				CLANG_WARN_INFINITE_RECURSION = YES;
				CLANG_WARN_INT_CONVERSION = YES;
				CLANG_WARN_OBJC_ROOT_CLASS = YES_ERROR;
				CLANG_WARN_SUSPICIOUS_MOVE = YES;
				CLANG_WARN_UNREACHABLE_CODE = YES;
				CLANG_WARN__DUPLICATE_METHOD_MATCH = YES;
				"CODE_SIGN_IDENTITY[sdk=iphoneos*]" = "iPhone Developer";
				COPY_PHASE_STRIP = NO;
				DEBUG_INFORMATION_FORMAT = dwarf;
				ENABLE_STRICT_OBJC_MSGSEND = YES;
				ENABLE_TESTABILITY = YES;
				GCC_C_LANGUAGE_STANDARD = gnu99;
				GCC_DYNAMIC_NO_PIC = NO;
				GCC_NO_COMMON_BLOCKS = YES;
				GCC_OPTIMIZATION_LEVEL = 0;
				GCC_PREPROCESSOR_DEFINITIONS = (
					"DEBUG=1",
					"$(inherited)",
				);
				GCC_WARN_64_TO_32_BIT_CONVERSION = YES;
				GCC_WARN_ABOUT_RETURN_TYPE = YES_ERROR;
				GCC_WARN_UNDECLARED_SELECTOR = YES;
				GCC_WARN_UNINITIALIZED_AUTOS = YES_AGGRESSIVE;
				GCC_WARN_UNUSED_FUNCTION = YES;
				GCC_WARN_UNUSED_VARIABLE = YES;
				IPHONEOS_DEPLOYMENT_TARGET = 10.3;
				MTL_ENABLE_DEBUG_INFO = YES;
				ONLY_ACTIVE_ARCH = YES;
				SDKROOT = iphoneos;
				SWIFT_ACTIVE_COMPILATION_CONDITIONS = DEBUG;
				SWIFT_OPTIMIZATION_LEVEL = "-Onone";
			};
			name = Debug;
		};
		A85BE3181FB71C7300107AA4 /* Release */ = {
			isa = XCBuildConfiguration;
			buildSettings = {
				ALWAYS_SEARCH_USER_PATHS = NO;
				CLANG_ANALYZER_NONNULL = YES;
				CLANG_ANALYZER_NUMBER_OBJECT_CONVERSION = YES_AGGRESSIVE;
				CLANG_CXX_LANGUAGE_STANDARD = "gnu++0x";
				CLANG_CXX_LIBRARY = "libc++";
				CLANG_ENABLE_MODULES = YES;
				CLANG_ENABLE_OBJC_ARC = YES;
				CLANG_WARN_BOOL_CONVERSION = YES;
				CLANG_WARN_CONSTANT_CONVERSION = YES;
				CLANG_WARN_DIRECT_OBJC_ISA_USAGE = YES_ERROR;
				CLANG_WARN_DOCUMENTATION_COMMENTS = YES;
				CLANG_WARN_EMPTY_BODY = YES;
				CLANG_WARN_ENUM_CONVERSION = YES;
				CLANG_WARN_INFINITE_RECURSION = YES;
				CLANG_WARN_INT_CONVERSION = YES;
				CLANG_WARN_OBJC_ROOT_CLASS = YES_ERROR;
				CLANG_WARN_SUSPICIOUS_MOVE = YES;
				CLANG_WARN_UNREACHABLE_CODE = YES;
				CLANG_WARN__DUPLICATE_METHOD_MATCH = YES;
				"CODE_SIGN_IDENTITY[sdk=iphoneos*]" = "iPhone Developer";
				COPY_PHASE_STRIP = NO;
				DEBUG_INFORMATION_FORMAT = "dwarf-with-dsym";
				ENABLE_NS_ASSERTIONS = NO;
				ENABLE_STRICT_OBJC_MSGSEND = YES;
				GCC_C_LANGUAGE_STANDARD = gnu99;
				GCC_NO_COMMON_BLOCKS = YES;
				GCC_WARN_64_TO_32_BIT_CONVERSION = YES;
				GCC_WARN_ABOUT_RETURN_TYPE = YES_ERROR;
				GCC_WARN_UNDECLARED_SELECTOR = YES;
				GCC_WARN_UNINITIALIZED_AUTOS = YES_AGGRESSIVE;
				GCC_WARN_UNUSED_FUNCTION = YES;
				GCC_WARN_UNUSED_VARIABLE = YES;
				IPHONEOS_DEPLOYMENT_TARGET = 10.3;
				MTL_ENABLE_DEBUG_INFO = NO;
				SDKROOT = iphoneos;
				SWIFT_OPTIMIZATION_LEVEL = "-Owholemodule";
				VALIDATE_PRODUCT = YES;
			};
			name = Release;
		};
		A85BE31A1FB71C7300107AA4 /* Debug */ = {
			isa = XCBuildConfiguration;
			buildSettings = {
				ASSETCATALOG_COMPILER_APPICON_NAME = AppIcon;
				INFOPLIST_FILE = Douyu/Info.plist;
				LD_RUNPATH_SEARCH_PATHS = "$(inherited) @executable_path/Frameworks";
				PRODUCT_BUNDLE_IDENTIFIER = com.xiang.Douyu;
				PRODUCT_NAME = "$(TARGET_NAME)";
				SWIFT_VERSION = 3.0;
			};
			name = Debug;
		};
		A85BE31B1FB71C7300107AA4 /* Release */ = {
			isa = XCBuildConfiguration;
			buildSettings = {
				ASSETCATALOG_COMPILER_APPICON_NAME = AppIcon;
				INFOPLIST_FILE = Douyu/Info.plist;
				LD_RUNPATH_SEARCH_PATHS = "$(inherited) @executable_path/Frameworks";
				PRODUCT_BUNDLE_IDENTIFIER = com.xiang.Douyu;
				PRODUCT_NAME = "$(TARGET_NAME)";
				SWIFT_VERSION = 3.0;
			};
			name = Release;
		};
/* End XCBuildConfiguration section */

/* Begin XCConfigurationList section */
		A85BE3021FB71C7300107AA4 /* Build configuration list for PBXProject "Douyu" */ = {
			isa = XCConfigurationList;
			buildConfigurations = (
				A85BE3171FB71C7300107AA4 /* Debug */,
				A85BE3181FB71C7300107AA4 /* Release */,
			);
			defaultConfigurationIsVisible = 0;
			defaultConfigurationName = Release;
		};
		A85BE3191FB71C7300107AA4 /* Build configuration list for PBXNativeTarget "Douyu" */ = {
			isa = XCConfigurationList;
			buildConfigurations = (
				A85BE31A1FB71C7300107AA4 /* Debug */,
				A85BE31B1FB71C7300107AA4 /* Release */,
			);
			defaultConfigurationIsVisible = 0;
		};
/* End XCConfigurationList section */
	};
	rootObject = A85BE2FF1FB71C7300107AA4 /* Project object */;
}
